// !$*UTF8*$!
{
	archiveVersion = 1;
	classes = {
	};
	objectVersion = 48;
	objects = {

/* Begin PBXBuildFile section */
		840EC43C20262338003AB439 /* LoginViewController.swift in Sources */ = {isa = PBXBuildFile; fileRef = 840EC43B20262338003AB439 /* LoginViewController.swift */; };
		8430646D20219584009C4CCB /* AppDelegate.swift in Sources */ = {isa = PBXBuildFile; fileRef = 8430646C20219584009C4CCB /* AppDelegate.swift */; };
		8430647220219584009C4CCB /* Main.storyboard in Resources */ = {isa = PBXBuildFile; fileRef = 8430647020219584009C4CCB /* Main.storyboard */; };
		8430647420219584009C4CCB /* Assets.xcassets in Resources */ = {isa = PBXBuildFile; fileRef = 8430647320219584009C4CCB /* Assets.xcassets */; };
		8430647720219584009C4CCB /* LaunchScreen.storyboard in Resources */ = {isa = PBXBuildFile; fileRef = 8430647520219584009C4CCB /* LaunchScreen.storyboard */; };
		8430648220219585009C4CCB /* LoginValidationTests.swift in Sources */ = {isa = PBXBuildFile; fileRef = 8430648120219585009C4CCB /* LoginValidationTests.swift */; };
/* End PBXBuildFile section */

/* Begin PBXContainerItemProxy section */
		8430647E20219585009C4CCB /* PBXContainerItemProxy */ = {
			isa = PBXContainerItemProxy;
			containerPortal = 8430646120219584009C4CCB /* Project object */;
			proxyType = 1;
			remoteGlobalIDString = 8430646820219584009C4CCB;
			remoteInfo = LoginValidation;
		};
/* End PBXContainerItemProxy section */

/* Begin PBXFileReference section */
		840EC43B20262338003AB439 /* LoginViewController.swift */ = {isa = PBXFileReference; lastKnownFileType = sourcecode.swift; path = LoginViewController.swift; sourceTree = "<group>"; };
		8430646920219584009C4CCB /* LoginValidation.app */ = {isa = PBXFileReference; explicitFileType = wrapper.application; includeInIndex = 0; path = LoginValidation.app; sourceTree = BUILT_PRODUCTS_DIR; };
		8430646C20219584009C4CCB /* AppDelegate.swift */ = {isa = PBXFileReference; lastKnownFileType = sourcecode.swift; path = AppDelegate.swift; sourceTree = "<group>"; };
		8430647120219584009C4CCB /* Base */ = {isa = PBXFileReference; lastKnownFileType = file.storyboard; name = Base; path = Base.lproj/Main.storyboard; sourceTree = "<group>"; };
		8430647320219584009C4CCB /* Assets.xcassets */ = {isa = PBXFileReference; lastKnownFileType = folder.assetcatalog; path = Assets.xcassets; sourceTree = "<group>"; };
		8430647620219584009C4CCB /* Base */ = {isa = PBXFileReference; lastKnownFileType = file.storyboard; name = Base; path = Base.lproj/LaunchScreen.storyboard; sourceTree = "<group>"; };
		8430647820219584009C4CCB /* Info.plist */ = {isa = PBXFileReference; lastKnownFileType = text.plist.xml; path = Info.plist; sourceTree = "<group>"; };
		8430647D20219585009C4CCB /* LoginValidationTests.xctest */ = {isa = PBXFileReference; explicitFileType = wrapper.cfbundle; includeInIndex = 0; path = LoginValidationTests.xctest; sourceTree = BUILT_PRODUCTS_DIR; };
		8430648120219585009C4CCB /* LoginValidationTests.swift */ = {isa = PBXFileReference; lastKnownFileType = sourcecode.swift; path = LoginValidationTests.swift; sourceTree = "<group>"; };
		8430648320219585009C4CCB /* Info.plist */ = {isa = PBXFileReference; lastKnownFileType = text.plist.xml; path = Info.plist; sourceTree = "<group>"; };
/* End PBXFileReference section */

/* Begin PBXFrameworksBuildPhase section */
		8430646620219584009C4CCB /* Frameworks */ = {
			isa = PBXFrameworksBuildPhase;
			buildActionMask = 2147483647;
			files = (
			);
			runOnlyForDeploymentPostprocessing = 0;
		};
		8430647A20219585009C4CCB /* Frameworks */ = {
			isa = PBXFrameworksBuildPhase;
			buildActionMask = 2147483647;
			files = (
			);
			runOnlyForDeploymentPostprocessing = 0;
		};
/* End PBXFrameworksBuildPhase section */

/* Begin PBXGroup section */
		8430646020219584009C4CCB = {
			isa = PBXGroup;
			children = (
				8430646B20219584009C4CCB /* LoginValidation */,
				8430648020219585009C4CCB /* LoginValidationTests */,
				8430646A20219584009C4CCB /* Products */,
			);
			sourceTree = "<group>";
		};
		8430646A20219584009C4CCB /* Products */ = {
			isa = PBXGroup;
			children = (
				8430646920219584009C4CCB /* LoginValidation.app */,
				8430647D20219585009C4CCB /* LoginValidationTests.xctest */,
			);
			name = Products;
			sourceTree = "<group>";
		};
		8430646B20219584009C4CCB /* LoginValidation */ = {
			isa = PBXGroup;
			children = (
				8430646C20219584009C4CCB /* AppDelegate.swift */,
				840EC43B20262338003AB439 /* LoginViewController.swift */,
				8430647020219584009C4CCB /* Main.storyboard */,
				8430647320219584009C4CCB /* Assets.xcassets */,
				8430647520219584009C4CCB /* LaunchScreen.storyboard */,
				8430647820219584009C4CCB /* Info.plist */,
			);
			path = LoginValidation;
			sourceTree = "<group>";
		};
		8430648020219585009C4CCB /* LoginValidationTests */ = {
			isa = PBXGroup;
			children = (
				8430648120219585009C4CCB /* LoginValidationTests.swift */,
				8430648320219585009C4CCB /* Info.plist */,
			);
			path = LoginValidationTests;
			sourceTree = "<group>";
		};
/* End PBXGroup section */

/* Begin PBXNativeTarget section */
		8430646820219584009C4CCB /* LoginValidation */ = {
			isa = PBXNativeTarget;
			buildConfigurationList = 8430648620219585009C4CCB /* Build configuration list for PBXNativeTarget "LoginValidation" */;
			buildPhases = (
				8430646520219584009C4CCB /* Sources */,
				8430646620219584009C4CCB /* Frameworks */,
				8430646720219584009C4CCB /* Resources */,
			);
			buildRules = (
			);
			dependencies = (
			);
			name = LoginValidation;
			productName = LoginValidation;
			productReference = 8430646920219584009C4CCB /* LoginValidation.app */;
			productType = "com.apple.product-type.application";
		};
		8430647C20219585009C4CCB /* LoginValidationTests */ = {
			isa = PBXNativeTarget;
			buildConfigurationList = 8430648920219585009C4CCB /* Build configuration list for PBXNativeTarget "LoginValidationTests" */;
			buildPhases = (
				8430647920219585009C4CCB /* Sources */,
				8430647A20219585009C4CCB /* Frameworks */,
				8430647B20219585009C4CCB /* Resources */,
			);
			buildRules = (
			);
			dependencies = (
				8430647F20219585009C4CCB /* PBXTargetDependency */,
			);
			name = LoginValidationTests;
			productName = LoginValidationTests;
			productReference = 8430647D20219585009C4CCB /* LoginValidationTests.xctest */;
			productType = "com.apple.product-type.bundle.unit-test";
		};
/* End PBXNativeTarget section */

/* Begin PBXProject section */
		8430646120219584009C4CCB /* Project object */ = {
			isa = PBXProject;
			attributes = {
				LastSwiftUpdateCheck = 0920;
				LastUpgradeCheck = 1010;
				ORGANIZATIONNAME = admin;
				TargetAttributes = {
					8430646820219584009C4CCB = {
						CreatedOnToolsVersion = 9.2;
						LastSwiftMigration = 1010;
						ProvisioningStyle = Automatic;
					};
					8430647C20219585009C4CCB = {
						CreatedOnToolsVersion = 9.2;
						LastSwiftMigration = 1010;
						ProvisioningStyle = Automatic;
						TestTargetID = 8430646820219584009C4CCB;
					};
				};
			};
			buildConfigurationList = 8430646420219584009C4CCB /* Build configuration list for PBXProject "LoginValidation" */;
			compatibilityVersion = "Xcode 8.0";
			developmentRegion = en;
			hasScannedForEncodings = 0;
			knownRegions = (
				en,
				Base,
			);
			mainGroup = 8430646020219584009C4CCB;
			productRefGroup = 8430646A20219584009C4CCB /* Products */;
			projectDirPath = "";
			projectRoot = "";
			targets = (
				8430646820219584009C4CCB /* LoginValidation */,
				8430647C20219585009C4CCB /* LoginValidationTests */,
			);
		};
/* End PBXProject section */

/* Begin PBXResourcesBuildPhase section */
		8430646720219584009C4CCB /* Resources */ = {
			isa = PBXResourcesBuildPhase;
			buildActionMask = 2147483647;
			files = (
				8430647720219584009C4CCB /* LaunchScreen.storyboard in Resources */,
				8430647420219584009C4CCB /* Assets.xcassets in Resources */,
				8430647220219584009C4CCB /* Main.storyboard in Resources */,
			);
			runOnlyForDeploymentPostprocessing = 0;
		};
		8430647B20219585009C4CCB /* Resources */ = {
			isa = PBXResourcesBuildPhase;
			buildActionMask = 2147483647;
			files = (
			);
			runOnlyForDeploymentPostprocessing = 0;
		};
/* End PBXResourcesBuildPhase section */

/* Begin PBXSourcesBuildPhase section */
		8430646520219584009C4CCB /* Sources */ = {
			isa = PBXSourcesBuildPhase;
			buildActionMask = 2147483647;
			files = (
				840EC43C20262338003AB439 /* LoginViewController.swift in Sources */,
				8430646D20219584009C4CCB /* AppDelegate.swift in Sources */,
			);
			runOnlyForDeploymentPostprocessing = 0;
		};
		8430647920219585009C4CCB /* Sources */ = {
			isa = PBXSourcesBuildPhase;
			buildActionMask = 2147483647;
			files = (
				8430648220219585009C4CCB /* LoginValidationTests.swift in Sources */,
			);
			runOnlyForDeploymentPostprocessing = 0;
		};
/* End PBXSourcesBuildPhase section */

/* Begin PBXTargetDependency section */
		8430647F20219585009C4CCB /* PBXTargetDependency */ = {
			isa = PBXTargetDependency;
			target = 8430646820219584009C4CCB /* LoginValidation */;
			targetProxy = 8430647E20219585009C4CCB /* PBXContainerItemProxy */;
		};
/* End PBXTargetDependency section */

/* Begin PBXVariantGroup section */
		8430647020219584009C4CCB /* Main.storyboard */ = {
			isa = PBXVariantGroup;
			children = (
				8430647120219584009C4CCB /* Base */,
			);
			name = Main.storyboard;
			sourceTree = "<group>";
		};
		8430647520219584009C4CCB /* LaunchScreen.storyboard */ = {
			isa = PBXVariantGroup;
			children = (
				8430647620219584009C4CCB /* Base */,
			);
			name = LaunchScreen.storyboard;
			sourceTree = "<group>";
		};
/* End PBXVariantGroup section */

/* Begin XCBuildConfiguration section */
		8430648420219585009C4CCB /* Debug */ = {
			isa = XCBuildConfiguration;
			buildSettings = {
				ALWAYS_SEARCH_USER_PATHS = NO;
				CLANG_ANALYZER_NONNULL = YES;
				CLANG_ANALYZER_NUMBER_OBJECT_CONVERSION = YES_AGGRESSIVE;
				CLANG_CXX_LANGUAGE_STANDARD = "gnu++14";
				CLANG_CXX_LIBRARY = "libc++";
				CLANG_ENABLE_MODULES = YES;
				CLANG_ENABLE_OBJC_ARC = YES;
				CLANG_WARN_BLOCK_CAPTURE_AUTORELEASING = YES;
				CLANG_WARN_BOOL_CONVERSION = YES;
				CLANG_WARN_COMMA = YES;
				CLANG_WARN_CONSTANT_CONVERSION = YES;
				CLANG_WARN_DEPRECATED_OBJC_IMPLEMENTATIONS = YES;
				CLANG_WARN_DIRECT_OBJC_ISA_USAGE = YES_ERROR;
				CLANG_WARN_DOCUMENTATION_COMMENTS = YES;
				CLANG_WARN_EMPTY_BODY = YES;
				CLANG_WARN_ENUM_CONVERSION = YES;
				CLANG_WARN_INFINITE_RECURSION = YES;
				CLANG_WARN_INT_CONVERSION = YES;
				CLANG_WARN_NON_LITERAL_NULL_CONVERSION = YES;
				CLANG_WARN_OBJC_IMPLICIT_RETAIN_SELF = YES;
				CLANG_WARN_OBJC_LITERAL_CONVERSION = YES;
				CLANG_WARN_OBJC_ROOT_CLASS = YES_ERROR;
				CLANG_WARN_RANGE_LOOP_ANALYSIS = YES;
				CLANG_WARN_STRICT_PROTOTYPES = YES;
				CLANG_WARN_SUSPICIOUS_MOVE = YES;
				CLANG_WARN_UNGUARDED_AVAILABILITY = YES_AGGRESSIVE;
				CLANG_WARN_UNREACHABLE_CODE = YES;
				CLANG_WARN__DUPLICATE_METHOD_MATCH = YES;
				CODE_SIGN_IDENTITY = "iPhone Developer";
				COPY_PHASE_STRIP = NO;
				DEBUG_INFORMATION_FORMAT = dwarf;
				ENABLE_STRICT_OBJC_MSGSEND = YES;
				ENABLE_TESTABILITY = YES;
				GCC_C_LANGUAGE_STANDARD = gnu11;
				GCC_DYNAMIC_NO_PIC = NO;
				GCC_NO_COMMON_BLOCKS = YES;
				GCC_OPTIMIZATION_LEVEL = 0;
				GCC_PREPROCESSOR_DEFINITIONS = (
					"DEBUG=1",
					"$(inherited)",
				);
				GCC_WARN_64_TO_32_BIT_CONVERSION = YES;
				GCC_WARN_ABOUT_RETURN_TYPE = YES_ERROR;
				GCC_WARN_UNDECLARED_SELECTOR = YES;
				GCC_WARN_UNINITIALIZED_AUTOS = YES_AGGRESSIVE;
				GCC_WARN_UNUSED_FUNCTION = YES;
				GCC_WARN_UNUSED_VARIABLE = YES;
				IPHONEOS_DEPLOYMENT_TARGET = 11.2;
				MTL_ENABLE_DEBUG_INFO = YES;
				ONLY_ACTIVE_ARCH = YES;
				SDKROOT = iphoneos;
				SWIFT_ACTIVE_COMPILATION_CONDITIONS = DEBUG;
				SWIFT_OPTIMIZATION_LEVEL = "-Onone";
			};
			name = Debug;
		};
		8430648520219585009C4CCB /* Release */ = {
			isa = XCBuildConfiguration;
			buildSettings = {
				ALWAYS_SEARCH_USER_PATHS = NO;
				CLANG_ANALYZER_NONNULL = YES;
				CLANG_ANALYZER_NUMBER_OBJECT_CONVERSION = YES_AGGRESSIVE;
				CLANG_CXX_LANGUAGE_STANDARD = "gnu++14";
				CLANG_CXX_LIBRARY = "libc++";
				CLANG_ENABLE_MODULES = YES;
				CLANG_ENABLE_OBJC_ARC = YES;
				CLANG_WARN_BLOCK_CAPTURE_AUTORELEASING = YES;
				CLANG_WARN_BOOL_CONVERSION = YES;
				CLANG_WARN_COMMA = YES;
				CLANG_WARN_CONSTANT_CONVERSION = YES;
				CLANG_WARN_DEPRECATED_OBJC_IMPLEMENTATIONS = YES;
				CLANG_WARN_DIRECT_OBJC_ISA_USAGE = YES_ERROR;
				CLANG_WARN_DOCUMENTATION_COMMENTS = YES;
				CLANG_WARN_EMPTY_BODY = YES;
				CLANG_WARN_ENUM_CONVERSION = YES;
				CLANG_WARN_INFINITE_RECURSION = YES;
				CLANG_WARN_INT_CONVERSION = YES;
				CLANG_WARN_NON_LITERAL_NULL_CONVERSION = YES;
				CLANG_WARN_OBJC_IMPLICIT_RETAIN_SELF = YES;
				CLANG_WARN_OBJC_LITERAL_CONVERSION = YES;
				CLANG_WARN_OBJC_ROOT_CLASS = YES_ERROR;
				CLANG_WARN_RANGE_LOOP_ANALYSIS = YES;
				CLANG_WARN_STRICT_PROTOTYPES = YES;
				CLANG_WARN_SUSPICIOUS_MOVE = YES;
				CLANG_WARN_UNGUARDED_AVAILABILITY = YES_AGGRESSIVE;
				CLANG_WARN_UNREACHABLE_CODE = YES;
				CLANG_WARN__DUPLICATE_METHOD_MATCH = YES;
				CODE_SIGN_IDENTITY = "iPhone Developer";
				COPY_PHASE_STRIP = NO;
				DEBUG_INFORMATION_FORMAT = "dwarf-with-dsym";
				ENABLE_NS_ASSERTIONS = NO;
				ENABLE_STRICT_OBJC_MSGSEND = YES;
				GCC_C_LANGUAGE_STANDARD = gnu11;
				GCC_NO_COMMON_BLOCKS = YES;
				GCC_WARN_64_TO_32_BIT_CONVERSION = YES;
				GCC_WARN_ABOUT_RETURN_TYPE = YES_ERROR;
				GCC_WARN_UNDECLARED_SELECTOR = YES;
				GCC_WARN_UNINITIALIZED_AUTOS = YES_AGGRESSIVE;
				GCC_WARN_UNUSED_FUNCTION = YES;
				GCC_WARN_UNUSED_VARIABLE = YES;
				IPHONEOS_DEPLOYMENT_TARGET = 11.2;
				MTL_ENABLE_DEBUG_INFO = NO;
				SDKROOT = iphoneos;
				SWIFT_OPTIMIZATION_LEVEL = "-Owholemodule";
				VALIDATE_PRODUCT = YES;
			};
			name = Release;
		};
		8430648720219585009C4CCB /* Debug */ = {
			isa = XCBuildConfiguration;
			buildSettings = {
				ASSETCATALOG_COMPILER_APPICON_NAME = AppIcon;
				CODE_SIGN_STYLE = Automatic;
				DEFINES_MODULE = YES;
				DEVELOPMENT_TEAM = 4ASULEAFDR;
				INFOPLIST_FILE = LoginValidation/Info.plist;
				LD_RUNPATH_SEARCH_PATHS = "$(inherited) @executable_path/Frameworks";
				PRODUCT_BUNDLE_IDENTIFIER = qwe.LoginValidation;
				PRODUCT_NAME = "$(TARGET_NAME)";
				SWIFT_VERSION = 4.2;
				TARGETED_DEVICE_FAMILY = "1,2";
			};
			name = Debug;
		};
		8430648820219585009C4CCB /* Release */ = {
			isa = XCBuildConfiguration;
			buildSettings = {
				ASSETCATALOG_COMPILER_APPICON_NAME = AppIcon;
				CODE_SIGN_STYLE = Automatic;
				DEFINES_MODULE = YES;
				DEVELOPMENT_TEAM = 4ASULEAFDR;
				INFOPLIST_FILE = LoginValidation/Info.plist;
				LD_RUNPATH_SEARCH_PATHS = "$(inherited) @executable_path/Frameworks";
				PRODUCT_BUNDLE_IDENTIFIER = qwe.LoginValidation;
				PRODUCT_NAME = "$(TARGET_NAME)";
				SWIFT_VERSION = 4.2;
				TARGETED_DEVICE_FAMILY = "1,2";
			};
			name = Release;
		};
		8430648A20219585009C4CCB /* Debug */ = {
			isa = XCBuildConfiguration;
			buildSettings = {
				ALWAYS_EMBED_SWIFT_STANDARD_LIBRARIES = YES;
				BUNDLE_LOADER = "$(TEST_HOST)";
				CODE_SIGN_STYLE = Automatic;
				DEFINES_MODULE = YES;
				DEVELOPMENT_TEAM = 4ASULEAFDR;
				INFOPLIST_FILE = LoginValidationTests/Info.plist;
				LD_RUNPATH_SEARCH_PATHS = "$(inherited) @executable_path/Frameworks @loader_path/Frameworks";
				PRODUCT_BUNDLE_IDENTIFIER = qwe.LoginValidationTests;
				PRODUCT_NAME = "$(TARGET_NAME)";
				SWIFT_VERSION = 4.2;
				TARGETED_DEVICE_FAMILY = "1,2";
				TEST_HOST = "$(BUILT_PRODUCTS_DIR)/LoginValidation.app/LoginValidation";
			};
			name = Debug;
		};
		8430648B20219585009C4CCB /* Release */ = {
			isa = XCBuildConfiguration;
			buildSettings = {
				ALWAYS_EMBED_SWIFT_STANDARD_LIBRARIES = YES;
				BUNDLE_LOADER = "$(TEST_HOST)";
				CODE_SIGN_STYLE = Automatic;
				DEFINES_MODULE = YES;
				DEVELOPMENT_TEAM = 4ASULEAFDR;
				INFOPLIST_FILE = LoginValidationTests/Info.plist;
				LD_RUNPATH_SEARCH_PATHS = "$(inherited) @executable_path/Frameworks @loader_path/Frameworks";
				PRODUCT_BUNDLE_IDENTIFIER = qwe.LoginValidationTests;
				PRODUCT_NAME = "$(TARGET_NAME)";
				SWIFT_VERSION = 4.2;
				TARGETED_DEVICE_FAMILY = "1,2";
				TEST_HOST = "$(BUILT_PRODUCTS_DIR)/LoginValidation.app/LoginValidation";
			};
			name = Release;
		};
/* End XCBuildConfiguration section */

/* Begin XCConfigurationList section */
		8430646420219584009C4CCB /* Build configuration list for PBXProject "LoginValidation" */ = {
			isa = XCConfigurationList;
			buildConfigurations = (
				8430648420219585009C4CCB /* Debug */,
				8430648520219585009C4CCB /* Release */,
			);
			defaultConfigurationIsVisible = 0;
			defaultConfigurationName = Release;
		};
		8430648620219585009C4CCB /* Build configuration list for PBXNativeTarget "LoginValidation" */ = {
			isa = XCConfigurationList;
			buildConfigurations = (
				8430648720219585009C4CCB /* Debug */,
				8430648820219585009C4CCB /* Release */,
			);
			defaultConfigurationIsVisible = 0;
			defaultConfigurationName = Release;
		};
		8430648920219585009C4CCB /* Build configuration list for PBXNativeTarget "LoginValidationTests" */ = {
			isa = XCConfigurationList;
			buildConfigurations = (
				8430648A20219585009C4CCB /* Debug */,
				8430648B20219585009C4CCB /* Release */,
			);
			defaultConfigurationIsVisible = 0;
			defaultConfigurationName = Release;
		};
/* End XCConfigurationList section */
	};
	rootObject = 8430646120219584009C4CCB /* Project object */;
}
